{
  "requires": true,
  "lockfileVersion": 1,
  "dependencies": {
    "dom7": {
      "version": "3.0.0-alpha.9",
      "resolved": "https://registry.npmjs.org/dom7/-/dom7-3.0.0-alpha.9.tgz",
      "integrity": "sha512-wTxPe1vJqLAy2PzAROh/n1PsRF/ZklAJyRIn9shm2dAQjP4JhjsgDKQ1YTbuzf1KVlqOlqYPmwupQExcB9jOUg==",
      "requires": {
        "ssr-window": "^3.0.0-alpha.1"
      }
    },
    "ssr-window": {
      "version": "3.0.0-alpha.4",
      "resolved": "https://registry.npmjs.org/ssr-window/-/ssr-window-3.0.0-alpha.4.tgz",
      "integrity": "sha512-+dBRP/pZ+VyITxTzD0lMDzDwN/BmfUl8xi2e6t5Nz4+FqUphfcBLB1OOUSYCRNFB25rD3c8AJRYpY5rHTbL+kg=="
    },
    "swiper": {
      "version": "6.3.5",
      "resolved": "https://registry.npmjs.org/swiper/-/swiper-6.3.5.tgz",
      "integrity": "sha512-MZkkVJ+sXukp6G3Z3BlKayhBjRIQuO1TZaTlH7ooI/0qbH0kkmItFMjFo19nOOsJaDXglA32xqyc9KCtmbJv0w==",
      "requires": {
        "dom7": "^3.0.0-alpha.7",
        "ssr-window": "^3.0.0-alpha.4"
      }
    }
  }
}
